
Microsoft Visual Studio Solution File, Format Version 12.00
# Visual Studio Version 17
VisualStudioVersion = 17.8.34511.84
MinimumVisualStudioVersion = 10.0.40219.1
Project("{FAE04EC0-301F-11D3-BF4B-00C04F79EFBC}") = "formChung", "formChung\formChung.csproj", "{E4F0F175-67E3-4DA6-BB87-ACF7E27CADBE}"
EndProject
Global
	GlobalSection(SolutionConfigurationPlatforms) = preSolution
		Debug|Any CPU = Debug|Any CPU
		Release|Any CPU = Release|Any CPU
	EndGlobalSection
	GlobalSection(ProjectConfigurationPlatforms) = postSolution
		{E4F0F175-67E3-4DA6-BB87-ACF7E27CADBE}.Debug|Any CPU.ActiveCfg = Debug|Any CPU
		{E4F0F175-67E3-4DA6-BB87-ACF7E27CADBE}.Debug|Any CPU.Build.0 = Debug|Any CPU
		{E4F0F175-67E3-4DA6-BB87-ACF7E27CADBE}.Release|Any CPU.ActiveCfg = Release|Any CPU
		{E4F0F175-67E3-4DA6-BB87-ACF7E27CADBE}.Release|Any CPU.Build.0 = Release|Any CPU
	EndGlobalSection
	GlobalSection(SolutionProperties) = preSolution
		HideSolutionNode = FALSE
	EndGlobalSection
	GlobalSection(ExtensibilityGlobals) = postSolution
		SolutionGuid = {F5607D07-A236-4CCA-9E7E-15FA3A919647}
	EndGlobalSection
EndGlobal
